
Microsoft Visual Studio Solution File, Format Version 12.00
# Visual Studio 2013
VisualStudioVersion = 12.0.31101.0
MinimumVisualStudioVersion = 10.0.40219.1
Project("{FAE04EC0-301F-11D3-BF4B-00C04F79EFBC}") = "MVC2020.Web", "MVC2020.Web\MVC2020.Web.csproj", "{FFEE7436-A881-467D-95EF-F26E9E2CE375}"
EndProject
Project("{FAE04EC0-301F-11D3-BF4B-00C04F79EFBC}") = "MVC2020.Core", "MVC2020.Core\MVC2020.Core.csproj", "{999475E2-8784-41F3-9282-1BC15A508731}"
EndProject
Project("{FAE04EC0-301F-11D3-BF4B-00C04F79EFBC}") = "MVC2020.DataLibrary", "MVC2020.DataLibrary\MVC2020.DataLibrary.csproj", "{61A689C6-1A4B-4EF3-8016-810761BFECEC}"
EndProject
Project("{2150E333-8FDC-42A3-9474-1A3956D46DE8}") = "NewFolder1", "NewFolder1", "{ED1C9906-7DAA-4B6D-9184-BACAD7E45E6E}"
	ProjectSection(SolutionItems) = preProject
		ASP.NET MVC路径引用总结.txt = ASP.NET MVC路径引用总结.txt
		EF中常用的三种数据修改方式.txt = EF中常用的三种数据修改方式.txt
		ModelState.AddModelError使用.txt = ModelState.AddModelError使用.txt
		Route路由.txt = Route路由.txt
		抽象父类（抽象方法 虚方法）.txt = 抽象父类（抽象方法 虚方法）.txt
		抽象类和接口的区别以及使用场景.txt = 抽象类和接口的区别以及使用场景.txt
		新- js中的$ .txt = 新- js中的$ .txt
		新- 函数和弹框Dialog.txt = 新- 函数和弹框Dialog.txt
		新-字体图标.txt = 新-字体图标.txt
		新-布局@RenderSection 用法.txt = 新-布局@RenderSection 用法.txt
		进度条.txt = 进度条.txt
		？无法打开区域默认网页.txt = ？无法打开区域默认网页.txt
	EndProjectSection
EndProject
Global
	GlobalSection(SolutionConfigurationPlatforms) = preSolution
		Debug|Any CPU = Debug|Any CPU
		Release|Any CPU = Release|Any CPU
	EndGlobalSection
	GlobalSection(ProjectConfigurationPlatforms) = postSolution
		{FFEE7436-A881-467D-95EF-F26E9E2CE375}.Debug|Any CPU.ActiveCfg = Debug|Any CPU
		{FFEE7436-A881-467D-95EF-F26E9E2CE375}.Debug|Any CPU.Build.0 = Debug|Any CPU
		{FFEE7436-A881-467D-95EF-F26E9E2CE375}.Release|Any CPU.ActiveCfg = Release|Any CPU
		{FFEE7436-A881-467D-95EF-F26E9E2CE375}.Release|Any CPU.Build.0 = Release|Any CPU
		{999475E2-8784-41F3-9282-1BC15A508731}.Debug|Any CPU.ActiveCfg = Debug|Any CPU
		{999475E2-8784-41F3-9282-1BC15A508731}.Debug|Any CPU.Build.0 = Debug|Any CPU
		{999475E2-8784-41F3-9282-1BC15A508731}.Release|Any CPU.ActiveCfg = Release|Any CPU
		{999475E2-8784-41F3-9282-1BC15A508731}.Release|Any CPU.Build.0 = Release|Any CPU
		{61A689C6-1A4B-4EF3-8016-810761BFECEC}.Debug|Any CPU.ActiveCfg = Debug|Any CPU
		{61A689C6-1A4B-4EF3-8016-810761BFECEC}.Debug|Any CPU.Build.0 = Debug|Any CPU
		{61A689C6-1A4B-4EF3-8016-810761BFECEC}.Release|Any CPU.ActiveCfg = Release|Any CPU
		{61A689C6-1A4B-4EF3-8016-810761BFECEC}.Release|Any CPU.Build.0 = Release|Any CPU
	EndGlobalSection
	GlobalSection(SolutionProperties) = preSolution
		HideSolutionNode = FALSE
	EndGlobalSection
	GlobalSection(ExtensibilityGlobals) = postSolution
		VisualSVNWorkingCopyRoot = .
	EndGlobalSection
EndGlobal
